
Microsoft Visual Studio Solution File, Format Version 12.00
# Visual Studio Version 16
VisualStudioVersion = 16.0.31624.102
MinimumVisualStudioVersion = 10.0.40219.1
Project("{FAE04EC0-301F-11D3-BF4B-00C04F79EFBC}") = "PoeLootfilterConfig", "PoeLootfilterConfig.csproj", "{3AA4A906-4BB4-4637-84CA-6B358F68AA78}"
EndProject
Global
	GlobalSection(SolutionConfigurationPlatforms) = preSolution
		Debug|Any CPU = Debug|Any CPU
		Release|Any CPU = Release|Any CPU
	EndGlobalSection
	GlobalSection(ProjectConfigurationPlatforms) = postSolution
		{3AA4A906-4BB4-4637-84CA-6B358F68AA78}.Debug|Any CPU.ActiveCfg = Debug|Any CPU
		{3AA4A906-4BB4-4637-84CA-6B358F68AA78}.Debug|Any CPU.Build.0 = Debug|Any CPU
		{3AA4A906-4BB4-4637-84CA-6B358F68AA78}.Release|Any CPU.ActiveCfg = Release|Any CPU
		{3AA4A906-4BB4-4637-84CA-6B358F68AA78}.Release|Any CPU.Build.0 = Release|Any CPU
	EndGlobalSection
	GlobalSection(SolutionProperties) = preSolution
		HideSolutionNode = FALSE
	EndGlobalSection
	GlobalSection(ExtensibilityGlobals) = postSolution
		SolutionGuid = {BA8CF393-C53D-4A17-B536-2D9DBB41F2CD}
	EndGlobalSection
EndGlobal
